
Microsoft Visual Studio Solution File, Format Version 12.00
# Visual Studio Version 16
VisualStudioVersion = 16.0.29001.49
MinimumVisualStudioVersion = 10.0.40219.1
Project("{FAE04EC0-301F-11D3-BF4B-00C04F79EFBC}") = "WindowsFormsApp12", "WindowsFormsApp12\WindowsFormsApp12.csproj", "{2C8F84DE-9A3B-4D30-9D74-EBE9F2E6DA29}"
EndProject
Global
	GlobalSection(SolutionConfigurationPlatforms) = preSolution
		Debug|Any CPU = Debug|Any CPU
		Release|Any CPU = Release|Any CPU
	EndGlobalSection
	GlobalSection(ProjectConfigurationPlatforms) = postSolution
		{2C8F84DE-9A3B-4D30-9D74-EBE9F2E6DA29}.Debug|Any CPU.ActiveCfg = Debug|Any CPU
		{2C8F84DE-9A3B-4D30-9D74-EBE9F2E6DA29}.Debug|Any CPU.Build.0 = Debug|Any CPU
		{2C8F84DE-9A3B-4D30-9D74-EBE9F2E6DA29}.Release|Any CPU.ActiveCfg = Release|Any CPU
		{2C8F84DE-9A3B-4D30-9D74-EBE9F2E6DA29}.Release|Any CPU.Build.0 = Release|Any CPU
	EndGlobalSection
	GlobalSection(SolutionProperties) = preSolution
		HideSolutionNode = FALSE
	EndGlobalSection
	GlobalSection(ExtensibilityGlobals) = postSolution
		SolutionGuid = {97F2946A-1722-48A8-8969-E4E072F21180}
	EndGlobalSection
EndGlobal
